
Microsoft Visual Studio Solution File, Format Version 12.00
# Visual Studio Version 17
VisualStudioVersion = 17.7.34202.233
MinimumVisualStudioVersion = 10.0.40219.1
Project("{FAE04EC0-301F-11D3-BF4B-00C04F79EFBC}") = "Hastane", "Hastane.csproj", "{86F73163-3CFF-4773-8BDF-4A3A811AD77E}"
EndProject
Global
	GlobalSection(SolutionConfigurationPlatforms) = preSolution
		Debug|Any CPU = Debug|Any CPU
		Release|Any CPU = Release|Any CPU
	EndGlobalSection
	GlobalSection(ProjectConfigurationPlatforms) = postSolution
		{86F73163-3CFF-4773-8BDF-4A3A811AD77E}.Debug|Any CPU.ActiveCfg = Debug|Any CPU
		{86F73163-3CFF-4773-8BDF-4A3A811AD77E}.Debug|Any CPU.Build.0 = Debug|Any CPU
		{86F73163-3CFF-4773-8BDF-4A3A811AD77E}.Release|Any CPU.ActiveCfg = Release|Any CPU
		{86F73163-3CFF-4773-8BDF-4A3A811AD77E}.Release|Any CPU.Build.0 = Release|Any CPU
	EndGlobalSection
	GlobalSection(SolutionProperties) = preSolution
		HideSolutionNode = FALSE
	EndGlobalSection
	GlobalSection(ExtensibilityGlobals) = postSolution
		SolutionGuid = {F7C8F2CD-3621-4F18-89E5-4473AF644C9D}
	EndGlobalSection
EndGlobal
